
Microsoft Visual Studio Solution File, Format Version 12.00
# Visual Studio 14
VisualStudioVersion = 14.0.23107.0
MinimumVisualStudioVersion = 10.0.40219.1
Project("{FAE04EC0-301F-11D3-BF4B-00C04F79EFBC}") = "Application", "GildedRose\Application.csproj", "{DA4E412D-2B22-4E23-9249-1B58870DCF1E}"
EndProject
Project("{FAE04EC0-301F-11D3-BF4B-00C04F79EFBC}") = "Tests", "Tests\Tests.csproj", "{5C919747-1523-4D06-B0EB-FBF053693A10}"
EndProject
Global
	GlobalSection(SolutionConfigurationPlatforms) = preSolution
		Debug|Any CPU = Debug|Any CPU
		Release|Any CPU = Release|Any CPU
	EndGlobalSection
	GlobalSection(ProjectConfigurationPlatforms) = postSolution
		{DA4E412D-2B22-4E23-9249-1B58870DCF1E}.Debug|Any CPU.ActiveCfg = Debug|Any CPU
		{DA4E412D-2B22-4E23-9249-1B58870DCF1E}.Debug|Any CPU.Build.0 = Debug|Any CPU
		{DA4E412D-2B22-4E23-9249-1B58870DCF1E}.Release|Any CPU.ActiveCfg = Release|Any CPU
		{DA4E412D-2B22-4E23-9249-1B58870DCF1E}.Release|Any CPU.Build.0 = Release|Any CPU
		{5C919747-1523-4D06-B0EB-FBF053693A10}.Debug|Any CPU.ActiveCfg = Debug|Any CPU
		{5C919747-1523-4D06-B0EB-FBF053693A10}.Debug|Any CPU.Build.0 = Debug|Any CPU
		{5C919747-1523-4D06-B0EB-FBF053693A10}.Release|Any CPU.ActiveCfg = Release|Any CPU
		{5C919747-1523-4D06-B0EB-FBF053693A10}.Release|Any CPU.Build.0 = Release|Any CPU
	EndGlobalSection
	GlobalSection(SolutionProperties) = preSolution
		HideSolutionNode = FALSE
	EndGlobalSection
EndGlobal
